// !$*UTF8*$!
{
	archiveVersion = 1;
	classes = {
	};
	objectVersion = 55;
	objects = {

/* Begin PBXBuildFile section */
		913754E627F6CCA3009EDDFA /* Tests_iOS.swift in Sources */ = {isa = PBXBuildFile; fileRef = 913754E527F6CCA3009EDDFA /* Tests_iOS.swift */; };
		913754E827F6CCA3009EDDFA /* Tests_iOSLaunchTests.swift in Sources */ = {isa = PBXBuildFile; fileRef = 913754E727F6CCA3009EDDFA /* Tests_iOSLaunchTests.swift */; };
		913754F227F6CCA3009EDDFA /* Tests_macOS.swift in Sources */ = {isa = PBXBuildFile; fileRef = 913754F127F6CCA3009EDDFA /* Tests_macOS.swift */; };
		913754F427F6CCA3009EDDFA /* Tests_macOSLaunchTests.swift in Sources */ = {isa = PBXBuildFile; fileRef = 913754F327F6CCA3009EDDFA /* Tests_macOSLaunchTests.swift */; };
		913754F527F6CCA3009EDDFA /* MyResumeApp.swift in Sources */ = {isa = PBXBuildFile; fileRef = 913754CD27F6CCA0009EDDFA /* MyResumeApp.swift */; };
		913754F627F6CCA3009EDDFA /* MyResumeApp.swift in Sources */ = {isa = PBXBuildFile; fileRef = 913754CD27F6CCA0009EDDFA /* MyResumeApp.swift */; };
		913754F727F6CCA3009EDDFA /* ContentView.swift in Sources */ = {isa = PBXBuildFile; fileRef = 913754CE27F6CCA0009EDDFA /* ContentView.swift */; };
		913754F827F6CCA3009EDDFA /* ContentView.swift in Sources */ = {isa = PBXBuildFile; fileRef = 913754CE27F6CCA0009EDDFA /* ContentView.swift */; };
		913754F927F6CCA3009EDDFA /* Assets.xcassets in Resources */ = {isa = PBXBuildFile; fileRef = 913754CF27F6CCA2009EDDFA /* Assets.xcassets */; };
		913754FA27F6CCA3009EDDFA /* Assets.xcassets in Resources */ = {isa = PBXBuildFile; fileRef = 913754CF27F6CCA2009EDDFA /* Assets.xcassets */; };
/* End PBXBuildFile section */

/* Begin PBXContainerItemProxy section */
		913754E227F6CCA2009EDDFA /* PBXContainerItemProxy */ = {
			isa = PBXContainerItemProxy;
			containerPortal = 913754C827F6CCA0009EDDFA /* Project object */;
			proxyType = 1;
			remoteGlobalIDString = 913754D327F6CCA2009EDDFA;
			remoteInfo = "MyResume (iOS)";
		};
		913754EE27F6CCA3009EDDFA /* PBXContainerItemProxy */ = {
			isa = PBXContainerItemProxy;
			containerPortal = 913754C827F6CCA0009EDDFA /* Project object */;
			proxyType = 1;
			remoteGlobalIDString = 913754D927F6CCA2009EDDFA;
			remoteInfo = "MyResume (macOS)";
		};
/* End PBXContainerItemProxy section */

/* Begin PBXFileReference section */
		913754CD27F6CCA0009EDDFA /* MyResumeApp.swift */ = {isa = PBXFileReference; lastKnownFileType = sourcecode.swift; path = MyResumeApp.swift; sourceTree = "<group>"; };
		913754CE27F6CCA0009EDDFA /* ContentView.swift */ = {isa = PBXFileReference; lastKnownFileType = sourcecode.swift; path = ContentView.swift; sourceTree = "<group>"; };
		913754CF27F6CCA2009EDDFA /* Assets.xcassets */ = {isa = PBXFileReference; lastKnownFileType = folder.assetcatalog; path = Assets.xcassets; sourceTree = "<group>"; };
		913754D427F6CCA2009EDDFA /* MyResume.app */ = {isa = PBXFileReference; explicitFileType = wrapper.application; includeInIndex = 0; path = MyResume.app; sourceTree = BUILT_PRODUCTS_DIR; };
		913754DA27F6CCA2009EDDFA /* MyResume.app */ = {isa = PBXFileReference; explicitFileType = wrapper.application; includeInIndex = 0; path = MyResume.app; sourceTree = BUILT_PRODUCTS_DIR; };
		913754DC27F6CCA2009EDDFA /* macOS.entitlements */ = {isa = PBXFileReference; lastKnownFileType = text.plist.entitlements; path = macOS.entitlements; sourceTree = "<group>"; };
		913754E127F6CCA2009EDDFA /* Tests iOS.xctest */ = {isa = PBXFileReference; explicitFileType = wrapper.cfbundle; includeInIndex = 0; path = "Tests iOS.xctest"; sourceTree = BUILT_PRODUCTS_DIR; };
		913754E527F6CCA3009EDDFA /* Tests_iOS.swift */ = {isa = PBXFileReference; lastKnownFileType = sourcecode.swift; path = Tests_iOS.swift; sourceTree = "<group>"; };
		913754E727F6CCA3009EDDFA /* Tests_iOSLaunchTests.swift */ = {isa = PBXFileReference; lastKnownFileType = sourcecode.swift; path = Tests_iOSLaunchTests.swift; sourceTree = "<group>"; };
		913754ED27F6CCA3009EDDFA /* Tests macOS.xctest */ = {isa = PBXFileReference; explicitFileType = wrapper.cfbundle; includeInIndex = 0; path = "Tests macOS.xctest"; sourceTree = BUILT_PRODUCTS_DIR; };
		913754F127F6CCA3009EDDFA /* Tests_macOS.swift */ = {isa = PBXFileReference; lastKnownFileType = sourcecode.swift; path = Tests_macOS.swift; sourceTree = "<group>"; };
		913754F327F6CCA3009EDDFA /* Tests_macOSLaunchTests.swift */ = {isa = PBXFileReference; lastKnownFileType = sourcecode.swift; path = Tests_macOSLaunchTests.swift; sourceTree = "<group>"; };
/* End PBXFileReference section */

/* Begin PBXFrameworksBuildPhase section */
		913754D127F6CCA2009EDDFA /* Frameworks */ = {
			isa = PBXFrameworksBuildPhase;
			buildActionMask = 2147483647;
			files = (
			);
			runOnlyForDeploymentPostprocessing = 0;
		};
		913754D727F6CCA2009EDDFA /* Frameworks */ = {
			isa = PBXFrameworksBuildPhase;
			buildActionMask = 2147483647;
			files = (
			);
			runOnlyForDeploymentPostprocessing = 0;
		};
		913754DE27F6CCA2009EDDFA /* Frameworks */ = {
			isa = PBXFrameworksBuildPhase;
			buildActionMask = 2147483647;
			files = (
			);
			runOnlyForDeploymentPostprocessing = 0;
		};
		913754EA27F6CCA3009EDDFA /* Frameworks */ = {
			isa = PBXFrameworksBuildPhase;
			buildActionMask = 2147483647;
			files = (
			);
			runOnlyForDeploymentPostprocessing = 0;
		};
/* End PBXFrameworksBuildPhase section */

/* Begin PBXGroup section */
		913754C727F6CCA0009EDDFA = {
			isa = PBXGroup;
			children = (
				913754CC27F6CCA0009EDDFA /* Shared */,
				913754DB27F6CCA2009EDDFA /* macOS */,
				913754E427F6CCA3009EDDFA /* Tests iOS */,
				913754F027F6CCA3009EDDFA /* Tests macOS */,
				913754D527F6CCA2009EDDFA /* Products */,
			);
			sourceTree = "<group>";
		};
		913754CC27F6CCA0009EDDFA /* Shared */ = {
			isa = PBXGroup;
			children = (
				913754CD27F6CCA0009EDDFA /* MyResumeApp.swift */,
				913754CE27F6CCA0009EDDFA /* ContentView.swift */,
				913754CF27F6CCA2009EDDFA /* Assets.xcassets */,
			);
			path = Shared;
			sourceTree = "<group>";
		};
		913754D527F6CCA2009EDDFA /* Products */ = {
			isa = PBXGroup;
			children = (
				913754D427F6CCA2009EDDFA /* MyResume.app */,
				913754DA27F6CCA2009EDDFA /* MyResume.app */,
				913754E127F6CCA2009EDDFA /* Tests iOS.xctest */,
				913754ED27F6CCA3009EDDFA /* Tests macOS.xctest */,
			);
			name = Products;
			sourceTree = "<group>";
		};
		913754DB27F6CCA2009EDDFA /* macOS */ = {
			isa = PBXGroup;
			children = (
				913754DC27F6CCA2009EDDFA /* macOS.entitlements */,
			);
			path = macOS;
			sourceTree = "<group>";
		};
		913754E427F6CCA3009EDDFA /* Tests iOS */ = {
			isa = PBXGroup;
			children = (
				913754E527F6CCA3009EDDFA /* Tests_iOS.swift */,
				913754E727F6CCA3009EDDFA /* Tests_iOSLaunchTests.swift */,
			);
			path = "Tests iOS";
			sourceTree = "<group>";
		};
		913754F027F6CCA3009EDDFA /* Tests macOS */ = {
			isa = PBXGroup;
			children = (
				913754F127F6CCA3009EDDFA /* Tests_macOS.swift */,
				913754F327F6CCA3009EDDFA /* Tests_macOSLaunchTests.swift */,
			);
			path = "Tests macOS";
			sourceTree = "<group>";
		};
/* End PBXGroup section */

/* Begin PBXNativeTarget section */
		913754D327F6CCA2009EDDFA /* MyResume (iOS) */ = {
			isa = PBXNativeTarget;
			buildConfigurationList = 913754FD27F6CCA3009EDDFA /* Build configuration list for PBXNativeTarget "MyResume (iOS)" */;
			buildPhases = (
				913754D027F6CCA2009EDDFA /* Sources */,
				913754D127F6CCA2009EDDFA /* Frameworks */,
				913754D227F6CCA2009EDDFA /* Resources */,
			);
			buildRules = (
			);
			dependencies = (
			);
			name = "MyResume (iOS)";
			productName = "MyResume (iOS)";
			productReference = 913754D427F6CCA2009EDDFA /* MyResume.app */;
			productType = "com.apple.product-type.application";
		};
		913754D927F6CCA2009EDDFA /* MyResume (macOS) */ = {
			isa = PBXNativeTarget;
			buildConfigurationList = 9137550027F6CCA3009EDDFA /* Build configuration list for PBXNativeTarget "MyResume (macOS)" */;
			buildPhases = (
				913754D627F6CCA2009EDDFA /* Sources */,
				913754D727F6CCA2009EDDFA /* Frameworks */,
				913754D827F6CCA2009EDDFA /* Resources */,
			);
			buildRules = (
			);
			dependencies = (
			);
			name = "MyResume (macOS)";
			productName = "MyResume (macOS)";
			productReference = 913754DA27F6CCA2009EDDFA /* MyResume.app */;
			productType = "com.apple.product-type.application";
		};
		913754E027F6CCA2009EDDFA /* Tests iOS */ = {
			isa = PBXNativeTarget;
			buildConfigurationList = 9137550327F6CCA3009EDDFA /* Build configuration list for PBXNativeTarget "Tests iOS" */;
			buildPhases = (
				913754DD27F6CCA2009EDDFA /* Sources */,
				913754DE27F6CCA2009EDDFA /* Frameworks */,
				913754DF27F6CCA2009EDDFA /* Resources */,
			);
			buildRules = (
			);
			dependencies = (
				913754E327F6CCA2009EDDFA /* PBXTargetDependency */,
			);
			name = "Tests iOS";
			productName = "Tests iOS";
			productReference = 913754E127F6CCA2009EDDFA /* Tests iOS.xctest */;
			productType = "com.apple.product-type.bundle.ui-testing";
		};
		913754EC27F6CCA3009EDDFA /* Tests macOS */ = {
			isa = PBXNativeTarget;
			buildConfigurationList = 9137550627F6CCA3009EDDFA /* Build configuration list for PBXNativeTarget "Tests macOS" */;
			buildPhases = (
				913754E927F6CCA3009EDDFA /* Sources */,
				913754EA27F6CCA3009EDDFA /* Frameworks */,
				913754EB27F6CCA3009EDDFA /* Resources */,
			);
			buildRules = (
			);
			dependencies = (
				913754EF27F6CCA3009EDDFA /* PBXTargetDependency */,
			);
			name = "Tests macOS";
			productName = "Tests macOS";
			productReference = 913754ED27F6CCA3009EDDFA /* Tests macOS.xctest */;
			productType = "com.apple.product-type.bundle.ui-testing";
		};
/* End PBXNativeTarget section */

/* Begin PBXProject section */
		913754C827F6CCA0009EDDFA /* Project object */ = {
			isa = PBXProject;
			attributes = {
				BuildIndependentTargetsInParallel = 1;
				LastSwiftUpdateCheck = 1310;
				LastUpgradeCheck = 1310;
				TargetAttributes = {
					913754D327F6CCA2009EDDFA = {
						CreatedOnToolsVersion = 13.1;
					};
					913754D927F6CCA2009EDDFA = {
						CreatedOnToolsVersion = 13.1;
					};
					913754E027F6CCA2009EDDFA = {
						CreatedOnToolsVersion = 13.1;
						TestTargetID = 913754D327F6CCA2009EDDFA;
					};
					913754EC27F6CCA3009EDDFA = {
						CreatedOnToolsVersion = 13.1;
						TestTargetID = 913754D927F6CCA2009EDDFA;
					};
				};
			};
			buildConfigurationList = 913754CB27F6CCA0009EDDFA /* Build configuration list for PBXProject "MyResume" */;
			compatibilityVersion = "Xcode 13.0";
			developmentRegion = en;
			hasScannedForEncodings = 0;
			knownRegions = (
				en,
				Base,
			);
			mainGroup = 913754C727F6CCA0009EDDFA;
			productRefGroup = 913754D527F6CCA2009EDDFA /* Products */;
			projectDirPath = "";
			projectRoot = "";
			targets = (
				913754D327F6CCA2009EDDFA /* MyResume (iOS) */,
				913754D927F6CCA2009EDDFA /* MyResume (macOS) */,
				913754E027F6CCA2009EDDFA /* Tests iOS */,
				913754EC27F6CCA3009EDDFA /* Tests macOS */,
			);
		};
/* End PBXProject section */

/* Begin PBXResourcesBuildPhase section */
		913754D227F6CCA2009EDDFA /* Resources */ = {
			isa = PBXResourcesBuildPhase;
			buildActionMask = 2147483647;
			files = (
				913754F927F6CCA3009EDDFA /* Assets.xcassets in Resources */,
			);
			runOnlyForDeploymentPostprocessing = 0;
		};
		913754D827F6CCA2009EDDFA /* Resources */ = {
			isa = PBXResourcesBuildPhase;
			buildActionMask = 2147483647;
			files = (
				913754FA27F6CCA3009EDDFA /* Assets.xcassets in Resources */,
			);
			runOnlyForDeploymentPostprocessing = 0;
		};
		913754DF27F6CCA2009EDDFA /* Resources */ = {
			isa = PBXResourcesBuildPhase;
			buildActionMask = 2147483647;
			files = (
			);
			runOnlyForDeploymentPostprocessing = 0;
		};
		913754EB27F6CCA3009EDDFA /* Resources */ = {
			isa = PBXResourcesBuildPhase;
			buildActionMask = 2147483647;
			files = (
			);
			runOnlyForDeploymentPostprocessing = 0;
		};
/* End PBXResourcesBuildPhase section */

/* Begin PBXSourcesBuildPhase section */
		913754D027F6CCA2009EDDFA /* Sources */ = {
			isa = PBXSourcesBuildPhase;
			buildActionMask = 2147483647;
			files = (
				913754F727F6CCA3009EDDFA /* ContentView.swift in Sources */,
				913754F527F6CCA3009EDDFA /* MyResumeApp.swift in Sources */,
			);
			runOnlyForDeploymentPostprocessing = 0;
		};
		913754D627F6CCA2009EDDFA /* Sources */ = {
			isa = PBXSourcesBuildPhase;
			buildActionMask = 2147483647;
			files = (
				913754F827F6CCA3009EDDFA /* ContentView.swift in Sources */,
				913754F627F6CCA3009EDDFA /* MyResumeApp.swift in Sources */,
			);
			runOnlyForDeploymentPostprocessing = 0;
		};
		913754DD27F6CCA2009EDDFA /* Sources */ = {
			isa = PBXSourcesBuildPhase;
			buildActionMask = 2147483647;
			files = (
				913754E827F6CCA3009EDDFA /* Tests_iOSLaunchTests.swift in Sources */,
				913754E627F6CCA3009EDDFA /* Tests_iOS.swift in Sources */,
			);
			runOnlyForDeploymentPostprocessing = 0;
		};
		913754E927F6CCA3009EDDFA /* Sources */ = {
			isa = PBXSourcesBuildPhase;
			buildActionMask = 2147483647;
			files = (
				913754F427F6CCA3009EDDFA /* Tests_macOSLaunchTests.swift in Sources */,
				913754F227F6CCA3009EDDFA /* Tests_macOS.swift in Sources */,
			);
			runOnlyForDeploymentPostprocessing = 0;
		};
/* End PBXSourcesBuildPhase section */

/* Begin PBXTargetDependency section */
		913754E327F6CCA2009EDDFA /* PBXTargetDependency */ = {
			isa = PBXTargetDependency;
			target = 913754D327F6CCA2009EDDFA /* MyResume (iOS) */;
			targetProxy = 913754E227F6CCA2009EDDFA /* PBXContainerItemProxy */;
		};
		913754EF27F6CCA3009EDDFA /* PBXTargetDependency */ = {
			isa = PBXTargetDependency;
			target = 913754D927F6CCA2009EDDFA /* MyResume (macOS) */;
			targetProxy = 913754EE27F6CCA3009EDDFA /* PBXContainerItemProxy */;
		};
/* End PBXTargetDependency section */

/* Begin XCBuildConfiguration section */
		913754FB27F6CCA3009EDDFA /* Debug */ = {
			isa = XCBuildConfiguration;
			buildSettings = {
				ALWAYS_SEARCH_USER_PATHS = NO;
				CLANG_ANALYZER_NONNULL = YES;
				CLANG_ANALYZER_NUMBER_OBJECT_CONVERSION = YES_AGGRESSIVE;
				CLANG_CXX_LANGUAGE_STANDARD = "gnu++17";
				CLANG_CXX_LIBRARY = "libc++";
				CLANG_ENABLE_MODULES = YES;
				CLANG_ENABLE_OBJC_ARC = YES;
				CLANG_ENABLE_OBJC_WEAK = YES;
				CLANG_WARN_BLOCK_CAPTURE_AUTORELEASING = YES;
				CLANG_WARN_BOOL_CONVERSION = YES;
				CLANG_WARN_COMMA = YES;
				CLANG_WARN_CONSTANT_CONVERSION = YES;
				CLANG_WARN_DEPRECATED_OBJC_IMPLEMENTATIONS = YES;
				CLANG_WARN_DIRECT_OBJC_ISA_USAGE = YES_ERROR;
				CLANG_WARN_DOCUMENTATION_COMMENTS = YES;
				CLANG_WARN_EMPTY_BODY = YES;
				CLANG_WARN_ENUM_CONVERSION = YES;
				CLANG_WARN_INFINITE_RECURSION = YES;
				CLANG_WARN_INT_CONVERSION = YES;
				CLANG_WARN_NON_LITERAL_NULL_CONVERSION = YES;
				CLANG_WARN_OBJC_IMPLICIT_RETAIN_SELF = YES;
				CLANG_WARN_OBJC_LITERAL_CONVERSION = YES;
				CLANG_WARN_OBJC_ROOT_CLASS = YES_ERROR;
				CLANG_WARN_QUOTED_INCLUDE_IN_FRAMEWORK_HEADER = YES;
				CLANG_WARN_RANGE_LOOP_ANALYSIS = YES;
				CLANG_WARN_STRICT_PROTOTYPES = YES;
				CLANG_WARN_SUSPICIOUS_MOVE = YES;
				CLANG_WARN_UNGUARDED_AVAILABILITY = YES_AGGRESSIVE;
				CLANG_WARN_UNREACHABLE_CODE = YES;
				CLANG_WARN__DUPLICATE_METHOD_MATCH = YES;
				COPY_PHASE_STRIP = NO;
				DEBUG_INFORMATION_FORMAT = dwarf;
				ENABLE_STRICT_OBJC_MSGSEND = YES;
				ENABLE_TESTABILITY = YES;
				GCC_C_LANGUAGE_STANDARD = gnu11;
				GCC_DYNAMIC_NO_PIC = NO;
				GCC_NO_COMMON_BLOCKS = YES;
				GCC_OPTIMIZATION_LEVEL = 0;
				GCC_PREPROCESSOR_DEFINITIONS = (
					"DEBUG=1",
					"$(inherited)",
				);
				GCC_WARN_64_TO_32_BIT_CONVERSION = YES;
				GCC_WARN_ABOUT_RETURN_TYPE = YES_ERROR;
				GCC_WARN_UNDECLARED_SELECTOR = YES;
				GCC_WARN_UNINITIALIZED_AUTOS = YES_AGGRESSIVE;
				GCC_WARN_UNUSED_FUNCTION = YES;
				GCC_WARN_UNUSED_VARIABLE = YES;
				MTL_ENABLE_DEBUG_INFO = INCLUDE_SOURCE;
				MTL_FAST_MATH = YES;
				ONLY_ACTIVE_ARCH = YES;
				SWIFT_ACTIVE_COMPILATION_CONDITIONS = DEBUG;
				SWIFT_OPTIMIZATION_LEVEL = "-Onone";
			};
			name = Debug;
		};
		913754FC27F6CCA3009EDDFA /* Release */ = {
			isa = XCBuildConfiguration;
			buildSettings = {
				ALWAYS_SEARCH_USER_PATHS = NO;
				CLANG_ANALYZER_NONNULL = YES;
				CLANG_ANALYZER_NUMBER_OBJECT_CONVERSION = YES_AGGRESSIVE;
				CLANG_CXX_LANGUAGE_STANDARD = "gnu++17";
				CLANG_CXX_LIBRARY = "libc++";
				CLANG_ENABLE_MODULES = YES;
				CLANG_ENABLE_OBJC_ARC = YES;
				CLANG_ENABLE_OBJC_WEAK = YES;
				CLANG_WARN_BLOCK_CAPTURE_AUTORELEASING = YES;
				CLANG_WARN_BOOL_CONVERSION = YES;
				CLANG_WARN_COMMA = YES;
				CLANG_WARN_CONSTANT_CONVERSION = YES;
				CLANG_WARN_DEPRECATED_OBJC_IMPLEMENTATIONS = YES;
				CLANG_WARN_DIRECT_OBJC_ISA_USAGE = YES_ERROR;
				CLANG_WARN_DOCUMENTATION_COMMENTS = YES;
				CLANG_WARN_EMPTY_BODY = YES;
				CLANG_WARN_ENUM_CONVERSION = YES;
				CLANG_WARN_INFINITE_RECURSION = YES;
				CLANG_WARN_INT_CONVERSION = YES;
				CLANG_WARN_NON_LITERAL_NULL_CONVERSION = YES;
				CLANG_WARN_OBJC_IMPLICIT_RETAIN_SELF = YES;
				CLANG_WARN_OBJC_LITERAL_CONVERSION = YES;
				CLANG_WARN_OBJC_ROOT_CLASS = YES_ERROR;
				CLANG_WARN_QUOTED_INCLUDE_IN_FRAMEWORK_HEADER = YES;
				CLANG_WARN_RANGE_LOOP_ANALYSIS = YES;
				CLANG_WARN_STRICT_PROTOTYPES = YES;
				CLANG_WARN_SUSPICIOUS_MOVE = YES;
				CLANG_WARN_UNGUARDED_AVAILABILITY = YES_AGGRESSIVE;
				CLANG_WARN_UNREACHABLE_CODE = YES;
				CLANG_WARN__DUPLICATE_METHOD_MATCH = YES;
				COPY_PHASE_STRIP = NO;
				DEBUG_INFORMATION_FORMAT = "dwarf-with-dsym";
				ENABLE_NS_ASSERTIONS = NO;
				ENABLE_STRICT_OBJC_MSGSEND = YES;
				GCC_C_LANGUAGE_STANDARD = gnu11;
				GCC_NO_COMMON_BLOCKS = YES;
				GCC_WARN_64_TO_32_BIT_CONVERSION = YES;
				GCC_WARN_ABOUT_RETURN_TYPE = YES_ERROR;
				GCC_WARN_UNDECLARED_SELECTOR = YES;
				GCC_WARN_UNINITIALIZED_AUTOS = YES_AGGRESSIVE;
				GCC_WARN_UNUSED_FUNCTION = YES;
				GCC_WARN_UNUSED_VARIABLE = YES;
				MTL_ENABLE_DEBUG_INFO = NO;
				MTL_FAST_MATH = YES;
				SWIFT_COMPILATION_MODE = wholemodule;
				SWIFT_OPTIMIZATION_LEVEL = "-O";
			};
			name = Release;
		};
		913754FE27F6CCA3009EDDFA /* Debug */ = {
			isa = XCBuildConfiguration;
			buildSettings = {
				ASSETCATALOG_COMPILER_APPICON_NAME = AppIcon;
				ASSETCATALOG_COMPILER_GLOBAL_ACCENT_COLOR_NAME = AccentColor;
				CODE_SIGN_STYLE = Automatic;
				CURRENT_PROJECT_VERSION = 1;
				DEVELOPMENT_TEAM = 52W935AVL3;
				ENABLE_PREVIEWS = YES;
				GENERATE_INFOPLIST_FILE = YES;
				INFOPLIST_KEY_UIApplicationSceneManifest_Generation = YES;
				INFOPLIST_KEY_UIApplicationSupportsIndirectInputEvents = YES;
				INFOPLIST_KEY_UILaunchScreen_Generation = YES;
				INFOPLIST_KEY_UISupportedInterfaceOrientations_iPad = "UIInterfaceOrientationPortrait UIInterfaceOrientationPortraitUpsideDown UIInterfaceOrientationLandscapeLeft UIInterfaceOrientationLandscapeRight";
				INFOPLIST_KEY_UISupportedInterfaceOrientations_iPhone = "UIInterfaceOrientationPortrait UIInterfaceOrientationLandscapeLeft UIInterfaceOrientationLandscapeRight";
				IPHONEOS_DEPLOYMENT_TARGET = 15.0;
				LD_RUNPATH_SEARCH_PATHS = (
					"$(inherited)",
					"@executable_path/Frameworks",
				);
				MARKETING_VERSION = 1.0;
				PRODUCT_BUNDLE_IDENTIFIER = CMoney.MyResume;
				PRODUCT_NAME = MyResume;
				SDKROOT = iphoneos;
				SWIFT_EMIT_LOC_STRINGS = YES;
				SWIFT_VERSION = 5.0;
				TARGETED_DEVICE_FAMILY = "1,2";
			};
			name = Debug;
		};
		913754FF27F6CCA3009EDDFA /* Release */ = {
			isa = XCBuildConfiguration;
			buildSettings = {
				ASSETCATALOG_COMPILER_APPICON_NAME = AppIcon;
				ASSETCATALOG_COMPILER_GLOBAL_ACCENT_COLOR_NAME = AccentColor;
				CODE_SIGN_STYLE = Automatic;
				CURRENT_PROJECT_VERSION = 1;
				DEVELOPMENT_TEAM = 52W935AVL3;
				ENABLE_PREVIEWS = YES;
				GENERATE_INFOPLIST_FILE = YES;
				INFOPLIST_KEY_UIApplicationSceneManifest_Generation = YES;
				INFOPLIST_KEY_UIApplicationSupportsIndirectInputEvents = YES;
				INFOPLIST_KEY_UILaunchScreen_Generation = YES;
				INFOPLIST_KEY_UISupportedInterfaceOrientations_iPad = "UIInterfaceOrientationPortrait UIInterfaceOrientationPortraitUpsideDown UIInterfaceOrientationLandscapeLeft UIInterfaceOrientationLandscapeRight";
				INFOPLIST_KEY_UISupportedInterfaceOrientations_iPhone = "UIInterfaceOrientationPortrait UIInterfaceOrientationLandscapeLeft UIInterfaceOrientationLandscapeRight";
				IPHONEOS_DEPLOYMENT_TARGET = 15.0;
				LD_RUNPATH_SEARCH_PATHS = (
					"$(inherited)",
					"@executable_path/Frameworks",
				);
				MARKETING_VERSION = 1.0;
				PRODUCT_BUNDLE_IDENTIFIER = CMoney.MyResume;
				PRODUCT_NAME = MyResume;
				SDKROOT = iphoneos;
				SWIFT_EMIT_LOC_STRINGS = YES;
				SWIFT_VERSION = 5.0;
				TARGETED_DEVICE_FAMILY = "1,2";
				VALIDATE_PRODUCT = YES;
			};
			name = Release;
		};
		9137550127F6CCA3009EDDFA /* Debug */ = {
			isa = XCBuildConfiguration;
			buildSettings = {
				ASSETCATALOG_COMPILER_APPICON_NAME = AppIcon;
				ASSETCATALOG_COMPILER_GLOBAL_ACCENT_COLOR_NAME = AccentColor;
				CODE_SIGN_ENTITLEMENTS = macOS/macOS.entitlements;
				CODE_SIGN_STYLE = Automatic;
				COMBINE_HIDPI_IMAGES = YES;
				CURRENT_PROJECT_VERSION = 1;
				DEVELOPMENT_TEAM = 52W935AVL3;
				ENABLE_HARDENED_RUNTIME = YES;
				ENABLE_PREVIEWS = YES;
				GENERATE_INFOPLIST_FILE = YES;
				INFOPLIST_KEY_NSHumanReadableCopyright = "";
				LD_RUNPATH_SEARCH_PATHS = (
					"$(inherited)",
					"@executable_path/../Frameworks",
				);
				MACOSX_DEPLOYMENT_TARGET = 11.6;
				MARKETING_VERSION = 1.0;
				PRODUCT_BUNDLE_IDENTIFIER = CMoney.MyResume;
				PRODUCT_NAME = MyResume;
				SDKROOT = macosx;
				SWIFT_EMIT_LOC_STRINGS = YES;
				SWIFT_VERSION = 5.0;
			};
			name = Debug;
		};
		9137550227F6CCA3009EDDFA /* Release */ = {
			isa = XCBuildConfiguration;
			buildSettings = {
				ASSETCATALOG_COMPILER_APPICON_NAME = AppIcon;
				ASSETCATALOG_COMPILER_GLOBAL_ACCENT_COLOR_NAME = AccentColor;
				CODE_SIGN_ENTITLEMENTS = macOS/macOS.entitlements;
				CODE_SIGN_STYLE = Automatic;
				COMBINE_HIDPI_IMAGES = YES;
				CURRENT_PROJECT_VERSION = 1;
				DEVELOPMENT_TEAM = 52W935AVL3;
				ENABLE_HARDENED_RUNTIME = YES;
				ENABLE_PREVIEWS = YES;
				GENERATE_INFOPLIST_FILE = YES;
				INFOPLIST_KEY_NSHumanReadableCopyright = "";
				LD_RUNPATH_SEARCH_PATHS = (
					"$(inherited)",
					"@executable_path/../Frameworks",
				);
				MACOSX_DEPLOYMENT_TARGET = 11.6;
				MARKETING_VERSION = 1.0;
				PRODUCT_BUNDLE_IDENTIFIER = CMoney.MyResume;
				PRODUCT_NAME = MyResume;
				SDKROOT = macosx;
				SWIFT_EMIT_LOC_STRINGS = YES;
				SWIFT_VERSION = 5.0;
			};
			name = Release;
		};
		9137550427F6CCA3009EDDFA /* Debug */ = {
			isa = XCBuildConfiguration;
			buildSettings = {
				ALWAYS_EMBED_SWIFT_STANDARD_LIBRARIES = YES;
				CODE_SIGN_STYLE = Automatic;
				CURRENT_PROJECT_VERSION = 1;
				DEVELOPMENT_TEAM = 52W935AVL3;
				GENERATE_INFOPLIST_FILE = YES;
				IPHONEOS_DEPLOYMENT_TARGET = 15.0;
				LD_RUNPATH_SEARCH_PATHS = (
					"$(inherited)",
					"@executable_path/Frameworks",
					"@loader_path/Frameworks",
				);
				MARKETING_VERSION = 1.0;
				PRODUCT_BUNDLE_IDENTIFIER = "CMoney.Tests-iOS";
				PRODUCT_NAME = "$(TARGET_NAME)";
				SDKROOT = iphoneos;
				SWIFT_EMIT_LOC_STRINGS = NO;
				SWIFT_VERSION = 5.0;
				TARGETED_DEVICE_FAMILY = "1,2";
				TEST_TARGET_NAME = "MyResume (iOS)";
			};
			name = Debug;
		};
		9137550527F6CCA3009EDDFA /* Release */ = {
			isa = XCBuildConfiguration;
			buildSettings = {
				ALWAYS_EMBED_SWIFT_STANDARD_LIBRARIES = YES;
				CODE_SIGN_STYLE = Automatic;
				CURRENT_PROJECT_VERSION = 1;
				DEVELOPMENT_TEAM = 52W935AVL3;
				GENERATE_INFOPLIST_FILE = YES;
				IPHONEOS_DEPLOYMENT_TARGET = 15.0;
				LD_RUNPATH_SEARCH_PATHS = (
					"$(inherited)",
					"@executable_path/Frameworks",
					"@loader_path/Frameworks",
				);
				MARKETING_VERSION = 1.0;
				PRODUCT_BUNDLE_IDENTIFIER = "CMoney.Tests-iOS";
				PRODUCT_NAME = "$(TARGET_NAME)";
				SDKROOT = iphoneos;
				SWIFT_EMIT_LOC_STRINGS = NO;
				SWIFT_VERSION = 5.0;
				TARGETED_DEVICE_FAMILY = "1,2";
				TEST_TARGET_NAME = "MyResume (iOS)";
				VALIDATE_PRODUCT = YES;
			};
			name = Release;
		};
		9137550727F6CCA3009EDDFA /* Debug */ = {
			isa = XCBuildConfiguration;
			buildSettings = {
				ALWAYS_EMBED_SWIFT_STANDARD_LIBRARIES = YES;
				CODE_SIGN_STYLE = Automatic;
				COMBINE_HIDPI_IMAGES = YES;
				CURRENT_PROJECT_VERSION = 1;
				DEVELOPMENT_TEAM = 52W935AVL3;
				GENERATE_INFOPLIST_FILE = YES;
				LD_RUNPATH_SEARCH_PATHS = (
					"$(inherited)",
					"@executable_path/../Frameworks",
					"@loader_path/../Frameworks",
				);
				MACOSX_DEPLOYMENT_TARGET = 11.6;
				MARKETING_VERSION = 1.0;
				PRODUCT_BUNDLE_IDENTIFIER = "CMoney.Tests-macOS";
				PRODUCT_NAME = "$(TARGET_NAME)";
				SDKROOT = macosx;
				SWIFT_EMIT_LOC_STRINGS = NO;
				SWIFT_VERSION = 5.0;
				TEST_TARGET_NAME = "MyResume (macOS)";
			};
			name = Debug;
		};
		9137550827F6CCA3009EDDFA /* Release */ = {
			isa = XCBuildConfiguration;
			buildSettings = {
				ALWAYS_EMBED_SWIFT_STANDARD_LIBRARIES = YES;
				CODE_SIGN_STYLE = Automatic;
				COMBINE_HIDPI_IMAGES = YES;
				CURRENT_PROJECT_VERSION = 1;
				DEVELOPMENT_TEAM = 52W935AVL3;
				GENERATE_INFOPLIST_FILE = YES;
				LD_RUNPATH_SEARCH_PATHS = (
					"$(inherited)",
					"@executable_path/../Frameworks",
					"@loader_path/../Frameworks",
				);
				MACOSX_DEPLOYMENT_TARGET = 11.6;
				MARKETING_VERSION = 1.0;
				PRODUCT_BUNDLE_IDENTIFIER = "CMoney.Tests-macOS";
				PRODUCT_NAME = "$(TARGET_NAME)";
				SDKROOT = macosx;
				SWIFT_EMIT_LOC_STRINGS = NO;
				SWIFT_VERSION = 5.0;
				TEST_TARGET_NAME = "MyResume (macOS)";
			};
			name = Release;
		};
/* End XCBuildConfiguration section */

/* Begin XCConfigurationList section */
		913754CB27F6CCA0009EDDFA /* Build configuration list for PBXProject "MyResume" */ = {
			isa = XCConfigurationList;
			buildConfigurations = (
				913754FB27F6CCA3009EDDFA /* Debug */,
				913754FC27F6CCA3009EDDFA /* Release */,
			);
			defaultConfigurationIsVisible = 0;
			defaultConfigurationName = Release;
		};
		913754FD27F6CCA3009EDDFA /* Build configuration list for PBXNativeTarget "MyResume (iOS)" */ = {
			isa = XCConfigurationList;
			buildConfigurations = (
				913754FE27F6CCA3009EDDFA /* Debug */,
				913754FF27F6CCA3009EDDFA /* Release */,
			);
			defaultConfigurationIsVisible = 0;
			defaultConfigurationName = Release;
		};
		9137550027F6CCA3009EDDFA /* Build configuration list for PBXNativeTarget "MyResume (macOS)" */ = {
			isa = XCConfigurationList;
			buildConfigurations = (
				9137550127F6CCA3009EDDFA /* Debug */,
				9137550227F6CCA3009EDDFA /* Release */,
			);
			defaultConfigurationIsVisible = 0;
			defaultConfigurationName = Release;
		};
		9137550327F6CCA3009EDDFA /* Build configuration list for PBXNativeTarget "Tests iOS" */ = {
			isa = XCConfigurationList;
			buildConfigurations = (
				9137550427F6CCA3009EDDFA /* Debug */,
				9137550527F6CCA3009EDDFA /* Release */,
			);
			defaultConfigurationIsVisible = 0;
			defaultConfigurationName = Release;
		};
		9137550627F6CCA3009EDDFA /* Build configuration list for PBXNativeTarget "Tests macOS" */ = {
			isa = XCConfigurationList;
			buildConfigurations = (
				9137550727F6CCA3009EDDFA /* Debug */,
				9137550827F6CCA3009EDDFA /* Release */,
			);
			defaultConfigurationIsVisible = 0;
			defaultConfigurationName = Release;
		};
/* End XCConfigurationList section */
	};
	rootObject = 913754C827F6CCA0009EDDFA /* Project object */;
}
